Microsoft Visual Studio Solution File, Format Version 12.00
# Visual Studio Version 17
VisualStudioVersion = 17.5.2.0
MinimumVisualStudioVersion = 10.0.40219.1
Project("{FAE04EC0-301F-11D3-BF4B-00C04F79EFBC}") = "textil salas", "textil salas.csproj", "{933251D8-4C9F-765D-D28F-2A5778701E53}"
EndProject
Global
	GlobalSection(SolutionConfigurationPlatforms) = preSolution
		Debug|Any CPU = Debug|Any CPU
		Release|Any CPU = Release|Any CPU
	EndGlobalSection
	GlobalSection(ProjectConfigurationPlatforms) = postSolution
		{933251D8-4C9F-765D-D28F-2A5778701E53}.Debug|Any CPU.ActiveCfg = Debug|Any CPU
		{933251D8-4C9F-765D-D28F-2A5778701E53}.Debug|Any CPU.Build.0 = Debug|Any CPU
		{933251D8-4C9F-765D-D28F-2A5778701E53}.Release|Any CPU.ActiveCfg = Release|Any CPU
		{933251D8-4C9F-765D-D28F-2A5778701E53}.Release|Any CPU.Build.0 = Release|Any CPU
	EndGlobalSection
	GlobalSection(SolutionProperties) = preSolution
		HideSolutionNode = FALSE
	EndGlobalSection
	GlobalSection(ExtensibilityGlobals) = postSolution
		SolutionGuid = {32826221-2861-41A3-A6F9-8B385239A677}
	EndGlobalSection
EndGlobal
